
Microsoft Visual Studio Solution File, Format Version 12.00
# Visual Studio Version 16
VisualStudioVersion = 16.0.29806.167
MinimumVisualStudioVersion = 10.0.40219.1
Project("{FAE04EC0-301F-11D3-BF4B-00C04F79EFBC}") = "MovieTestInLog.UWP", "MovieTestInLog.UWP\MovieTestInLog.UWP.csproj", "{A9C96DFA-492D-4DD6-B51A-DD433E4A591E}"
EndProject
Project("{FAE04EC0-301F-11D3-BF4B-00C04F79EFBC}") = "MovieTestInLog.Android", "MovieTestInLog.Android\MovieTestInLog.Android.csproj", "{2885BAF3-8111-4085-B996-68BB1E2D01E6}"
EndProject
Project("{FAE04EC0-301F-11D3-BF4B-00C04F79EFBC}") = "MovieTestInLog.iOS", "MovieTestInLog.iOS\MovieTestInLog.iOS.csproj", "{2015C759-7EEE-4563-9677-1DC727E4FD4D}"
EndProject
Project("{FAE04EC0-301F-11D3-BF4B-00C04F79EFBC}") = "MovieTestInLog", "MovieTestInLog\MovieTestInLog.csproj", "{15E4EBC2-20F6-44C0-A621-2A8C3F141481}"
EndProject
Global
	GlobalSection(SolutionConfigurationPlatforms) = preSolution
		Debug|Any CPU = Debug|Any CPU
		Debug|ARM = Debug|ARM
		Debug|iPhone = Debug|iPhone
		Debug|iPhoneSimulator = Debug|iPhoneSimulator
		Debug|x64 = Debug|x64
		Debug|x86 = Debug|x86
		Release|Any CPU = Release|Any CPU
		Release|ARM = Release|ARM
		Release|iPhone = Release|iPhone
		Release|iPhoneSimulator = Release|iPhoneSimulator
		Release|x64 = Release|x64
		Release|x86 = Release|x86
	EndGlobalSection
	GlobalSection(ProjectConfigurationPlatforms) = postSolution
		{A9C96DFA-492D-4DD6-B51A-DD433E4A591E}.Debug|Any CPU.ActiveCfg = Debug|x86
		{A9C96DFA-492D-4DD6-B51A-DD433E4A591E}.Debug|Any CPU.Build.0 = Debug|x86
		{A9C96DFA-492D-4DD6-B51A-DD433E4A591E}.Debug|Any CPU.Deploy.0 = Debug|x86
		{A9C96DFA-492D-4DD6-B51A-DD433E4A591E}.Debug|ARM.ActiveCfg = Debug|ARM
		{A9C96DFA-492D-4DD6-B51A-DD433E4A591E}.Debug|ARM.Build.0 = Debug|ARM
		{A9C96DFA-492D-4DD6-B51A-DD433E4A591E}.Debug|ARM.Deploy.0 = Debug|ARM
		{A9C96DFA-492D-4DD6-B51A-DD433E4A591E}.Debug|iPhone.ActiveCfg = Debug|x86
		{A9C96DFA-492D-4DD6-B51A-DD433E4A591E}.Debug|iPhone.Build.0 = Debug|x86
		{A9C96DFA-492D-4DD6-B51A-DD433E4A591E}.Debug|iPhone.Deploy.0 = Debug|x86
		{A9C96DFA-492D-4DD6-B51A-DD433E4A591E}.Debug|iPhoneSimulator.ActiveCfg = Debug|x86
		{A9C96DFA-492D-4DD6-B51A-DD433E4A591E}.Debug|iPhoneSimulator.Build.0 = Debug|x86
		{A9C96DFA-492D-4DD6-B51A-DD433E4A591E}.Debug|iPhoneSimulator.Deploy.0 = Debug|x86
		{A9C96DFA-492D-4DD6-B51A-DD433E4A591E}.Debug|x64.ActiveCfg = Debug|x64
		{A9C96DFA-492D-4DD6-B51A-DD433E4A591E}.Debug|x64.Build.0 = Debug|x64
		{A9C96DFA-492D-4DD6-B51A-DD433E4A591E}.Debug|x64.Deploy.0 = Debug|x64
		{A9C96DFA-492D-4DD6-B51A-DD433E4A591E}.Debug|x86.ActiveCfg = Debug|x86
		{A9C96DFA-492D-4DD6-B51A-DD433E4A591E}.Debug|x86.Build.0 = Debug|x86
		{A9C96DFA-492D-4DD6-B51A-DD433E4A591E}.Debug|x86.Deploy.0 = Debug|x86
		{A9C96DFA-492D-4DD6-B51A-DD433E4A591E}.Release|Any CPU.ActiveCfg = Release|x86
		{A9C96DFA-492D-4DD6-B51A-DD433E4A591E}.Release|Any CPU.Build.0 = Release|x86
		{A9C96DFA-492D-4DD6-B51A-DD433E4A591E}.Release|Any CPU.Deploy.0 = Release|x86
		{A9C96DFA-492D-4DD6-B51A-DD433E4A591E}.Release|ARM.ActiveCfg = Release|ARM
		{A9C96DFA-492D-4DD6-B51A-DD433E4A591E}.Release|ARM.Build.0 = Release|ARM
		{A9C96DFA-492D-4DD6-B51A-DD433E4A591E}.Release|ARM.Deploy.0 = Release|ARM
		{A9C96DFA-492D-4DD6-B51A-DD433E4A591E}.Release|iPhone.ActiveCfg = Release|x86
		{A9C96DFA-492D-4DD6-B51A-DD433E4A591E}.Release|iPhone.Build.0 = Release|x86
		{A9C96DFA-492D-4DD6-B51A-DD433E4A591E}.Release|iPhone.Deploy.0 = Release|x86
		{A9C96DFA-492D-4DD6-B51A-DD433E4A591E}.Release|iPhoneSimulator.ActiveCfg = Release|x86
		{A9C96DFA-492D-4DD6-B51A-DD433E4A591E}.Release|iPhoneSimulator.Build.0 = Release|x86
		{A9C96DFA-492D-4DD6-B51A-DD433E4A591E}.Release|iPhoneSimulator.Deploy.0 = Release|x86
		{A9C96DFA-492D-4DD6-B51A-DD433E4A591E}.Release|x64.ActiveCfg = Release|x64
		{A9C96DFA-492D-4DD6-B51A-DD433E4A591E}.Release|x64.Build.0 = Release|x64
		{A9C96DFA-492D-4DD6-B51A-DD433E4A591E}.Release|x64.Deploy.0 = Release|x64
		{A9C96DFA-492D-4DD6-B51A-DD433E4A591E}.Release|x86.ActiveCfg = Release|x86
		{A9C96DFA-492D-4DD6-B51A-DD433E4A591E}.Release|x86.Build.0 = Release|x86
		{A9C96DFA-492D-4DD6-B51A-DD433E4A591E}.Release|x86.Deploy.0 = Release|x86
		{2885BAF3-8111-4085-B996-68BB1E2D01E6}.Debug|Any CPU.ActiveCfg = Debug|Any CPU
		{2885BAF3-8111-4085-B996-68BB1E2D01E6}.Debug|Any CPU.Build.0 = Debug|Any CPU
		{2885BAF3-8111-4085-B996-68BB1E2D01E6}.Debug|Any CPU.Deploy.0 = Debug|Any CPU
		{2885BAF3-8111-4085-B996-68BB1E2D01E6}.Debug|ARM.ActiveCfg = Debug|Any CPU
		{2885BAF3-8111-4085-B996-68BB1E2D01E6}.Debug|ARM.Build.0 = Debug|Any CPU
		{2885BAF3-8111-4085-B996-68BB1E2D01E6}.Debug|ARM.Deploy.0 = Debug|Any CPU
		{2885BAF3-8111-4085-B996-68BB1E2D01E6}.Debug|iPhone.ActiveCfg = Debug|Any CPU
		{2885BAF3-8111-4085-B996-68BB1E2D01E6}.Debug|iPhone.Build.0 = Debug|Any CPU
		{2885BAF3-8111-4085-B996-68BB1E2D01E6}.Debug|iPhone.Deploy.0 = Debug|Any CPU
		{2885BAF3-8111-4085-B996-68BB1E2D01E6}.Debug|iPhoneSimulator.ActiveCfg = Debug|Any CPU
		{2885BAF3-8111-4085-B996-68BB1E2D01E6}.Debug|iPhoneSimulator.Build.0 = Debug|Any CPU
		{2885BAF3-8111-4085-B996-68BB1E2D01E6}.Debug|iPhoneSimulator.Deploy.0 = Debug|Any CPU
		{2885BAF3-8111-4085-B996-68BB1E2D01E6}.Debug|x64.ActiveCfg = Debug|Any CPU
		{2885BAF3-8111-4085-B996-68BB1E2D01E6}.Debug|x64.Build.0 = Debug|Any CPU
		{2885BAF3-8111-4085-B996-68BB1E2D01E6}.Debug|x64.Deploy.0 = Debug|Any CPU
		{2885BAF3-8111-4085-B996-68BB1E2D01E6}.Debug|x86.ActiveCfg = Debug|Any CPU
		{2885BAF3-8111-4085-B996-68BB1E2D01E6}.Debug|x86.Build.0 = Debug|Any CPU
		{2885BAF3-8111-4085-B996-68BB1E2D01E6}.Debug|x86.Deploy.0 = Debug|Any CPU
		{2885BAF3-8111-4085-B996-68BB1E2D01E6}.Release|Any CPU.ActiveCfg = Release|Any CPU
		{2885BAF3-8111-4085-B996-68BB1E2D01E6}.Release|Any CPU.Build.0 = Release|Any CPU
		{2885BAF3-8111-4085-B996-68BB1E2D01E6}.Release|Any CPU.Deploy.0 = Release|Any CPU
		{2885BAF3-8111-4085-B996-68BB1E2D01E6}.Release|ARM.ActiveCfg = Release|Any CPU
		{2885BAF3-8111-4085-B996-68BB1E2D01E6}.Release|ARM.Build.0 = Release|Any CPU
		{2885BAF3-8111-4085-B996-68BB1E2D01E6}.Release|ARM.Deploy.0 = Release|Any CPU
		{2885BAF3-8111-4085-B996-68BB1E2D01E6}.Release|iPhone.ActiveCfg = Release|Any CPU
		{2885BAF3-8111-4085-B996-68BB1E2D01E6}.Release|iPhone.Build.0 = Release|Any CPU
		{2885BAF3-8111-4085-B996-68BB1E2D01E6}.Release|iPhone.Deploy.0 = Release|Any CPU
		{2885BAF3-8111-4085-B996-68BB1E2D01E6}.Release|iPhoneSimulator.ActiveCfg = Release|Any CPU
		{2885BAF3-8111-4085-B996-68BB1E2D01E6}.Release|iPhoneSimulator.Build.0 = Release|Any CPU
		{2885BAF3-8111-4085-B996-68BB1E2D01E6}.Release|iPhoneSimulator.Deploy.0 = Release|Any CPU
		{2885BAF3-8111-4085-B996-68BB1E2D01E6}.Release|x64.ActiveCfg = Release|Any CPU
		{2885BAF3-8111-4085-B996-68BB1E2D01E6}.Release|x64.Build.0 = Release|Any CPU
		{2885BAF3-8111-4085-B996-68BB1E2D01E6}.Release|x64.Deploy.0 = Release|Any CPU
		{2885BAF3-8111-4085-B996-68BB1E2D01E6}.Release|x86.ActiveCfg = Release|Any CPU
		{2885BAF3-8111-4085-B996-68BB1E2D01E6}.Release|x86.Build.0 = Release|Any CPU
		{2885BAF3-8111-4085-B996-68BB1E2D01E6}.Release|x86.Deploy.0 = Release|Any CPU
		{2015C759-7EEE-4563-9677-1DC727E4FD4D}.Debug|Any CPU.ActiveCfg = Debug|iPhone
		{2015C759-7EEE-4563-9677-1DC727E4FD4D}.Debug|Any CPU.Build.0 = Debug|iPhone
		{2015C759-7EEE-4563-9677-1DC727E4FD4D}.Debug|Any CPU.Deploy.0 = Debug|iPhone
		{2015C759-7EEE-4563-9677-1DC727E4FD4D}.Debug|ARM.ActiveCfg = Debug|iPhoneSimulator
		{2015C759-7EEE-4563-9677-1DC727E4FD4D}.Debug|ARM.Build.0 = Debug|iPhoneSimulator
		{2015C759-7EEE-4563-9677-1DC727E4FD4D}.Debug|ARM.Deploy.0 = Debug|iPhoneSimulator
		{2015C759-7EEE-4563-9677-1DC727E4FD4D}.Debug|iPhone.ActiveCfg = Debug|iPhone
		{2015C759-7EEE-4563-9677-1DC727E4FD4D}.Debug|iPhone.Build.0 = Debug|iPhone
		{2015C759-7EEE-4563-9677-1DC727E4FD4D}.Debug|iPhone.Deploy.0 = Debug|iPhone
		{2015C759-7EEE-4563-9677-1DC727E4FD4D}.Debug|iPhoneSimulator.ActiveCfg = Debug|iPhoneSimulator
		{2015C759-7EEE-4563-9677-1DC727E4FD4D}.Debug|iPhoneSimulator.Build.0 = Debug|iPhoneSimulator
		{2015C759-7EEE-4563-9677-1DC727E4FD4D}.Debug|iPhoneSimulator.Deploy.0 = Debug|iPhoneSimulator
		{2015C759-7EEE-4563-9677-1DC727E4FD4D}.Debug|x64.ActiveCfg = Debug|iPhone
		{2015C759-7EEE-4563-9677-1DC727E4FD4D}.Debug|x64.Build.0 = Debug|iPhone
		{2015C759-7EEE-4563-9677-1DC727E4FD4D}.Debug|x64.Deploy.0 = Debug|iPhone
		{2015C759-7EEE-4563-9677-1DC727E4FD4D}.Debug|x86.ActiveCfg = Debug|iPhone
		{2015C759-7EEE-4563-9677-1DC727E4FD4D}.Debug|x86.Build.0 = Debug|iPhone
		{2015C759-7EEE-4563-9677-1DC727E4FD4D}.Debug|x86.Deploy.0 = Debug|iPhone
		{2015C759-7EEE-4563-9677-1DC727E4FD4D}.Release|Any CPU.ActiveCfg = Release|iPhone
		{2015C759-7EEE-4563-9677-1DC727E4FD4D}.Release|Any CPU.Build.0 = Release|iPhone
		{2015C759-7EEE-4563-9677-1DC727E4FD4D}.Release|Any CPU.Deploy.0 = Release|iPhone
		{2015C759-7EEE-4563-9677-1DC727E4FD4D}.Release|ARM.ActiveCfg = Release|iPhone
		{2015C759-7EEE-4563-9677-1DC727E4FD4D}.Release|ARM.Build.0 = Release|iPhone
		{2015C759-7EEE-4563-9677-1DC727E4FD4D}.Release|ARM.Deploy.0 = Release|iPhone
		{2015C759-7EEE-4563-9677-1DC727E4FD4D}.Release|iPhone.ActiveCfg = Release|iPhone
		{2015C759-7EEE-4563-9677-1DC727E4FD4D}.Release|iPhone.Build.0 = Release|iPhone
		{2015C759-7EEE-4563-9677-1DC727E4FD4D}.Release|iPhone.Deploy.0 = Release|iPhone
		{2015C759-7EEE-4563-9677-1DC727E4FD4D}.Release|iPhoneSimulator.ActiveCfg = Release|iPhoneSimulator
		{2015C759-7EEE-4563-9677-1DC727E4FD4D}.Release|iPhoneSimulator.Build.0 = Release|iPhoneSimulator
		{2015C759-7EEE-4563-9677-1DC727E4FD4D}.Release|iPhoneSimulator.Deploy.0 = Release|iPhoneSimulator
		{2015C759-7EEE-4563-9677-1DC727E4FD4D}.Release|x64.ActiveCfg = Release|iPhone
		{2015C759-7EEE-4563-9677-1DC727E4FD4D}.Release|x64.Build.0 = Release|iPhone
		{2015C759-7EEE-4563-9677-1DC727E4FD4D}.Release|x64.Deploy.0 = Release|iPhone
		{2015C759-7EEE-4563-9677-1DC727E4FD4D}.Release|x86.ActiveCfg = Release|iPhone
		{2015C759-7EEE-4563-9677-1DC727E4FD4D}.Release|x86.Build.0 = Release|iPhone
		{2015C759-7EEE-4563-9677-1DC727E4FD4D}.Release|x86.Deploy.0 = Release|iPhone
		{15E4EBC2-20F6-44C0-A621-2A8C3F141481}.Debug|Any CPU.ActiveCfg = Debug|Any CPU
		{15E4EBC2-20F6-44C0-A621-2A8C3F141481}.Debug|Any CPU.Build.0 = Debug|Any CPU
		{15E4EBC2-20F6-44C0-A621-2A8C3F141481}.Debug|Any CPU.Deploy.0 = Debug|Any CPU
		{15E4EBC2-20F6-44C0-A621-2A8C3F141481}.Debug|ARM.ActiveCfg = Debug|Any CPU
		{15E4EBC2-20F6-44C0-A621-2A8C3F141481}.Debug|ARM.Build.0 = Debug|Any CPU
		{15E4EBC2-20F6-44C0-A621-2A8C3F141481}.Debug|ARM.Deploy.0 = Debug|Any CPU
		{15E4EBC2-20F6-44C0-A621-2A8C3F141481}.Debug|iPhone.ActiveCfg = Debug|Any CPU
		{15E4EBC2-20F6-44C0-A621-2A8C3F141481}.Debug|iPhone.Build.0 = Debug|Any CPU
		{15E4EBC2-20F6-44C0-A621-2A8C3F141481}.Debug|iPhone.Deploy.0 = Debug|Any CPU
		{15E4EBC2-20F6-44C0-A621-2A8C3F141481}.Debug|iPhoneSimulator.ActiveCfg = Debug|Any CPU
		{15E4EBC2-20F6-44C0-A621-2A8C3F141481}.Debug|iPhoneSimulator.Build.0 = Debug|Any CPU
		{15E4EBC2-20F6-44C0-A621-2A8C3F141481}.Debug|iPhoneSimulator.Deploy.0 = Debug|Any CPU
		{15E4EBC2-20F6-44C0-A621-2A8C3F141481}.Debug|x64.ActiveCfg = Debug|Any CPU
		{15E4EBC2-20F6-44C0-A621-2A8C3F141481}.Debug|x64.Build.0 = Debug|Any CPU
		{15E4EBC2-20F6-44C0-A621-2A8C3F141481}.Debug|x64.Deploy.0 = Debug|Any CPU
		{15E4EBC2-20F6-44C0-A621-2A8C3F141481}.Debug|x86.ActiveCfg = Debug|Any CPU
		{15E4EBC2-20F6-44C0-A621-2A8C3F141481}.Debug|x86.Build.0 = Debug|Any CPU
		{15E4EBC2-20F6-44C0-A621-2A8C3F141481}.Debug|x86.Deploy.0 = Debug|Any CPU
		{15E4EBC2-20F6-44C0-A621-2A8C3F141481}.Release|Any CPU.ActiveCfg = Release|Any CPU
		{15E4EBC2-20F6-44C0-A621-2A8C3F141481}.Release|Any CPU.Build.0 = Release|Any CPU
		{15E4EBC2-20F6-44C0-A621-2A8C3F141481}.Release|Any CPU.Deploy.0 = Release|Any CPU
		{15E4EBC2-20F6-44C0-A621-2A8C3F141481}.Release|ARM.ActiveCfg = Release|Any CPU
		{15E4EBC2-20F6-44C0-A621-2A8C3F141481}.Release|ARM.Build.0 = Release|Any CPU
		{15E4EBC2-20F6-44C0-A621-2A8C3F141481}.Release|ARM.Deploy.0 = Release|Any CPU
		{15E4EBC2-20F6-44C0-A621-2A8C3F141481}.Release|iPhone.ActiveCfg = Release|Any CPU
		{15E4EBC2-20F6-44C0-A621-2A8C3F141481}.Release|iPhone.Build.0 = Release|Any CPU
		{15E4EBC2-20F6-44C0-A621-2A8C3F141481}.Release|iPhone.Deploy.0 = Release|Any CPU
		{15E4EBC2-20F6-44C0-A621-2A8C3F141481}.Release|iPhoneSimulator.ActiveCfg = Release|Any CPU
		{15E4EBC2-20F6-44C0-A621-2A8C3F141481}.Release|iPhoneSimulator.Build.0 = Release|Any CPU
		{15E4EBC2-20F6-44C0-A621-2A8C3F141481}.Release|iPhoneSimulator.Deploy.0 = Release|Any CPU
		{15E4EBC2-20F6-44C0-A621-2A8C3F141481}.Release|x64.ActiveCfg = Release|Any CPU
		{15E4EBC2-20F6-44C0-A621-2A8C3F141481}.Release|x64.Build.0 = Release|Any CPU
		{15E4EBC2-20F6-44C0-A621-2A8C3F141481}.Release|x64.Deploy.0 = Release|Any CPU
		{15E4EBC2-20F6-44C0-A621-2A8C3F141481}.Release|x86.ActiveCfg = Release|Any CPU
		{15E4EBC2-20F6-44C0-A621-2A8C3F141481}.Release|x86.Build.0 = Release|Any CPU
		{15E4EBC2-20F6-44C0-A621-2A8C3F141481}.Release|x86.Deploy.0 = Release|Any CPU
	EndGlobalSection
	GlobalSection(SolutionProperties) = preSolution
		HideSolutionNode = FALSE
	EndGlobalSection
	GlobalSection(ExtensibilityGlobals) = postSolution
		SolutionGuid = {C7CEFC9A-BF19-4489-9EA2-5E7F2CDBF271}
	EndGlobalSection
EndGlobal
